{
    "_meta": {
        "hash": {
            "sha256": "f27696704fc942363ad8556fd362a76953fba891536a543abcd8c9041e5cf45f"
        },
        "pipfile-spec": 6,
        "requires": {
            "python_version": "3.9"
        },
        "sources": [
            {
                "name": "pypi",
                "url": "https://pypi.org/simple",
                "verify_ssl": true
            }
        ]
    },
    "default": {
        "certifi": {
            "hashes": [
                "sha256:78884e7c1d4b00ce3cea67b44566851c4343c120abd683433ce934a68ea58872",
                "sha256:d62a0163eb4c2344ac042ab2bdf75399a71a2d8c7d47eac2e2ee91b9d6339569"
            ],
            "version": "==2021.10.8"
        },
        "charset-normalizer": {
            "hashes": [
                "sha256:e019de665e2bcf9c2b64e2e5aa025fa991da8720daa3c1138cadd2fd1856aed0",
                "sha256:f7af805c321bfa1ce6714c51f254e0d5bb5e5834039bc17db7ebe3a4cec9492b"
            ],
            "markers": "python_version >= '3'",
            "version": "==2.0.7"
        },
        "click": {
            "hashes": [
                "sha256:353f466495adaeb40b6b5f592f9f91cb22372351c84caeb068132442a4518ef3",
                "sha256:410e932b050f5eed773c4cda94de75971c89cdb3155a72a0831139a79e5ecb5b"
            ],
            "markers": "python_version >= '3.6'",
            "version": "==8.0.3"
        },
        "cloudpickle": {
            "hashes": [
                "sha256:5cd02f3b417a783ba84a4ec3e290ff7929009fe51f6405423cfccfadd43ba4a4",
                "sha256:6b2df9741d06f43839a3275c4e6632f7df6487a1f181f5f46a052d3c917c3d11"
            ],
            "index": "pypi",
            "version": "==2.0.0"
        },
        "configparser": {
            "hashes": [
                "sha256:202b9679a809b703720afa2eacaad4c6c2d63196070e5d9edc953c0489dfd536",
                "sha256:f99c2256b24c551de13cf9e42c7b5db96fb133f0ca4de5dcb1df1aaf89f48298"
            ],
            "markers": "python_version >= '3.6'",
            "version": "==5.1.0"
        },
        "docker-pycreds": {
            "hashes": [
                "sha256:6ce3270bcaf404cc4c3e27e4b6c70d3521deae82fb508767870fdbf772d584d4",
                "sha256:7266112468627868005106ec19cd0d722702d2b7d5912a28e19b826c3d37af49"
            ],
            "version": "==0.4.0"
        },
        "filelock": {
            "hashes": [
                "sha256:2e139a228bcf56dd8b2274a65174d005c4a6b68540ee0bdbb92c76f43f29f7e8",
                "sha256:93d512b32a23baf4cac44ffd72ccf70732aeff7b8050fcaf6d3ec406d954baf4"
            ],
            "markers": "python_version >= '3.6'",
            "version": "==3.4.0"
        },
        "gitdb": {
            "hashes": [
                "sha256:8033ad4e853066ba6ca92050b9df2f89301b8fc8bf7e9324d412a63f8bf1a8fd",
                "sha256:bac2fd45c0a1c9cf619e63a90d62bdc63892ef92387424b855792a6cabe789aa"
            ],
            "markers": "python_version >= '3.6'",
            "version": "==4.0.9"
        },
        "gitpython": {
            "hashes": [
                "sha256:dc0a7f2f697657acc8d7f89033e8b1ea94dd90356b2983bca89dc8d2ab3cc647",
                "sha256:df83fdf5e684fef7c6ee2c02fc68a5ceb7e7e759d08b694088d0cacb4eba59e5"
            ],
            "markers": "python_version >= '3.7'",
            "version": "==3.1.24"
        },
        "huggingface-hub": {
            "hashes": [
                "sha256:85f020d7b3ecac3dba18f8b40043ab9bbff8cf952fa82f3be19612a3e132f1c5",
                "sha256:d45c0174b6d638fd1101a34d7ed624197b5168d95d7b8dd219f177571840f249"
            ],
            "markers": "python_version >= '3.6'",
            "version": "==0.1.2"
        },
        "idna": {
            "hashes": [
                "sha256:84d9dd047ffa80596e0f246e2eab0b391788b0503584e8945f2368256d2735ff",
                "sha256:9d643ff0a55b762d5cdb124b8eaa99c66322e2157b69160bc32796e824360e6d"
            ],
            "markers": "python_version >= '3'",
            "version": "==3.3"
        },
        "joblib": {
            "hashes": [
                "sha256:4158fcecd13733f8be669be0683b96ebdbbd38d23559f54dca7205aea1bf1e35",
                "sha256:f21f109b3c7ff9d95f8387f752d0d9c34a02aa2f7060c2135f465da0e5160ff6"
            ],
            "markers": "python_version >= '3.6'",
            "version": "==1.1.0"
        },
        "numpy": {
            "hashes": [
                "sha256:0b78ecfa070460104934e2caf51694ccd00f37d5e5dbe76f021b1b0b0d221823",
                "sha256:1247ef28387b7bb7f21caf2dbe4767f4f4175df44d30604d42ad9bd701ebb31f",
                "sha256:1403b4e2181fc72664737d848b60e65150f272fe5a1c1cbc16145ed43884065a",
                "sha256:170b2a0805c6891ca78c1d96ee72e4c3ed1ae0a992c75444b6ab20ff038ba2cd",
                "sha256:2e4ed57f45f0aa38beca2a03b6532e70e548faf2debbeb3291cfc9b315d9be8f",
                "sha256:32fe5b12061f6446adcbb32cf4060a14741f9c21e15aaee59a207b6ce6423469",
                "sha256:34f3456f530ae8b44231c63082c8899fe9c983fd9b108c997c4b1c8c2d435333",
                "sha256:4c9c23158b87ed0e70d9a50c67e5c0b3f75bcf2581a8e34668d4e9d7474d76c6",
                "sha256:5d95668e727c75b3f5088ec7700e260f90ec83f488e4c0aaccb941148b2cd377",
                "sha256:615d4e328af7204c13ae3d4df7615a13ff60a49cb0d9106fde07f541207883ca",
                "sha256:69077388c5a4b997442b843dbdc3a85b420fb693ec8e33020bb24d647c164fa5",
                "sha256:74b85a17528ca60cf98381a5e779fc0264b4a88b46025e6bcbe9621f46bb3e63",
                "sha256:81225e58ef5fce7f1d80399575576fc5febec79a8a2742e8ef86d7b03beef49f",
                "sha256:8890b3360f345e8360133bc078d2dacc2843b6ee6059b568781b15b97acbe39f",
                "sha256:92aafa03da8658609f59f18722b88f0a73a249101169e28415b4fa148caf7e41",
                "sha256:9864424631775b0c052f3bd98bc2712d131b3e2cd95d1c0c68b91709170890b0",
                "sha256:9e6f5f50d1eff2f2f752b3089a118aee1ea0da63d56c44f3865681009b0af162",
                "sha256:a3deb31bc84f2b42584b8c4001c85d1934dbfb4030827110bc36bfd11509b7bf",
                "sha256:ad010846cdffe7ec27e3f933397f8a8d6c801a48634f419e3d075db27acf5880",
                "sha256:b1e2312f5b8843a3e4e8224b2b48fe16119617b8fc0a54df8f50098721b5bed2",
                "sha256:bc988afcea53e6156546e5b2885b7efab089570783d9d82caf1cfd323b0bb3dd",
                "sha256:c449eb870616a7b62e097982c622d2577b3dbc800aaf8689254ec6e0197cbf1e",
                "sha256:c74c699b122918a6c4611285cc2cad4a3aafdb135c22a16ec483340ef97d573c",
                "sha256:c885bfc07f77e8fee3dc879152ba993732601f1f11de248d4f357f0ffea6a6d4",
                "sha256:e3c3e990274444031482a31280bf48674441e0a5b55ddb168f3a6db3e0c38ec8",
                "sha256:e4799be6a2d7d3c33699a6f77201836ac975b2e1b98c2a07f66a38f499cb50ce",
                "sha256:e6c76a87633aa3fa16614b61ccedfae45b91df2767cf097aa9c933932a7ed1e0",
                "sha256:e89717274b41ebd568cd7943fc9418eeb49b1785b66031bc8a7f6300463c5898",
                "sha256:f5162ec777ba7138906c9c274353ece5603646c6965570d82905546579573f73",
                "sha256:fde96af889262e85aa033f8ee1d3241e32bf36228318a61f1ace579df4e8170d"
            ],
            "index": "pypi",
            "version": "==1.21.4"
        },
        "opencv-python": {
            "hashes": [
                "sha256:02872e0a9358526646d691f390143e9c21109c210095314abaa0641211cda077",
                "sha256:085c5fcf5a6479c34aca3fd0f59055e704083d6a44009d6583c675ff1a5a0625",
                "sha256:0d6249a49122a78afc6685ddb1377a87e46414ae61c84535c4c6024397f1f3e8",
                "sha256:0eba0bfe62c48a02a5af3a0944e872c99f57f98653bed14d51c6991a58f9e1d1",
                "sha256:215bdf069847d4e3b0447a34e9eb4046dd4ca523d41fe4381c1c55f6704fd0dc",
                "sha256:22bcc3153a7d4f95aff79457eef81ef5e40ab1851b189e014412b5e9fbee2573",
                "sha256:26feeeb280de179f5dbb8976ebf7ceb836bd263973cb5daec8ca36e8ef7b5773",
                "sha256:2fff48a641a74d1def31c1e88f9e5ce50ba4d0f87d085dfbf8bc844e12f6cd54",
                "sha256:315c357522b6310ef7a0718d9f0c5d3110e59c19140705499a3c29bdd8c0124f",
                "sha256:48288428f407bacba5f73d460feb4a1ecafe87db3d7cfc0730a49fb32f589bbf",
                "sha256:4a13381bdfc0fb4b080efcc27c46561d0bd752f126226e9f19aa9cbcf6677f40",
                "sha256:4abe9c4fb6fe16daa9fcdd68b5357d3530431341aa655203f8e84f394e1fe6d4",
                "sha256:4b614fbd81aeda53ce28e645aaee18fda7c7f2a48eb7f1a70a7c6c3427946342",
                "sha256:5370a11757fbe94b176771269aff599f4da8676c2a672b13bcbca043f2e3eea8",
                "sha256:637f4d3ad81bd27f273ede4c5fa6c26afb85c097c9715baf107cc270e37f5fea",
                "sha256:69a78e40a374ac14e4bf15a13dbb6c30fd2fbd5fcd3674d020a31b88861d5aaf",
                "sha256:6b87bab220d17e03eeedbcc6652d9d7e7bb09886dbd0f810310697a948b4c6fd",
                "sha256:887a61097092dc0bf23fa24646dbc8cfeeb753649cb28a3782a93a6879e3b7d2",
                "sha256:8ddf4dcd8199209e33f21deb0c6d8ab62b21802816bba895fefc346b6d2e522d",
                "sha256:8f7886acabaebf0361bd3dbccaa0d08e3f65ab13b7c739eb11e028f01ad13582",
                "sha256:92e9b2261ec764229c948d77fe0d922ee033348ca6519939b87861016c1614b3",
                "sha256:9998ce60884f3cda074f02b56d2b57ee6bd863e2ddba132da2b0af3b9487d584",
                "sha256:9b2c198af083a693d42a82bddc4d1f7e6bb02c64192ff7fac1fd1d43a8cf1be6",
                "sha256:9bcca50c5444b5cfb01624666b69f91ba8f2d2bf4ef37b111697aafdeb81c99f",
                "sha256:a2a7f09b8843b85f3e1b02c5ea3ddc0cb9f5ad9698380109b37069ee8db7746d",
                "sha256:ac852fcaac93439f2f7116ddffdc23fd366c872200ade2272446f9898180cecb",
                "sha256:bc34cdbfbab463750713118c8259a5d364547adab8ed91e94ba888349f33590a",
                "sha256:c44f5c51e92322ed832607204249c190764dec6cf29e8ba6d679b10326be1c1b",
                "sha256:d4b1d0b98ee72ba5dd720166790fc93ce459281e138ee79b0d41420b3da52b2e",
                "sha256:eaa144013b597e4dcabc8d8230edfe810319de01b5609556d415a20e2b707547"
            ],
            "index": "pypi",
            "version": "==4.5.4.58"
        },
        "packaging": {
            "hashes": [
                "sha256:dd47c42927d89ab911e606518907cc2d3a1f38bbd026385970643f9c5b8ecfeb",
                "sha256:ef103e05f519cdc783ae24ea4e2e0f508a9c99b2d4969652eed6a2e1ea5bd522"
            ],
            "markers": "python_version >= '3.6'",
            "version": "==21.3"
        },
        "pathtools": {
            "hashes": [
                "sha256:7c35c5421a39bb82e58018febd90e3b6e5db34c5443aaaf742b3f33d4655f1c0"
            ],
            "version": "==0.1.2"
        },
        "pillow": {
            "hashes": [
                "sha256:066f3999cb3b070a95c3652712cffa1a748cd02d60ad7b4e485c3748a04d9d76",
                "sha256:0a0956fdc5defc34462bb1c765ee88d933239f9a94bc37d132004775241a7585",
                "sha256:0b052a619a8bfcf26bd8b3f48f45283f9e977890263e4571f2393ed8898d331b",
                "sha256:1394a6ad5abc838c5cd8a92c5a07535648cdf6d09e8e2d6df916dfa9ea86ead8",
                "sha256:1bc723b434fbc4ab50bb68e11e93ce5fb69866ad621e3c2c9bdb0cd70e345f55",
                "sha256:244cf3b97802c34c41905d22810846802a3329ddcb93ccc432870243211c79fc",
                "sha256:25a49dc2e2f74e65efaa32b153527fc5ac98508d502fa46e74fa4fd678ed6645",
                "sha256:2e4440b8f00f504ee4b53fe30f4e381aae30b0568193be305256b1462216feff",
                "sha256:3862b7256046fcd950618ed22d1d60b842e3a40a48236a5498746f21189afbbc",
                "sha256:3eb1ce5f65908556c2d8685a8f0a6e989d887ec4057326f6c22b24e8a172c66b",
                "sha256:3f97cfb1e5a392d75dd8b9fd274d205404729923840ca94ca45a0af57e13dbe6",
                "sha256:493cb4e415f44cd601fcec11c99836f707bb714ab03f5ed46ac25713baf0ff20",
                "sha256:4acc0985ddf39d1bc969a9220b51d94ed51695d455c228d8ac29fcdb25810e6e",
                "sha256:5503c86916d27c2e101b7f71c2ae2cddba01a2cf55b8395b0255fd33fa4d1f1a",
                "sha256:5b7bb9de00197fb4261825c15551adf7605cf14a80badf1761d61e59da347779",
                "sha256:5e9ac5f66616b87d4da618a20ab0a38324dbe88d8a39b55be8964eb520021e02",
                "sha256:620582db2a85b2df5f8a82ddeb52116560d7e5e6b055095f04ad828d1b0baa39",
                "sha256:62cc1afda735a8d109007164714e73771b499768b9bb5afcbbee9d0ff374b43f",
                "sha256:70ad9e5c6cb9b8487280a02c0ad8a51581dcbbe8484ce058477692a27c151c0a",
                "sha256:72b9e656e340447f827885b8d7a15fc8c4e68d410dc2297ef6787eec0f0ea409",
                "sha256:72cbcfd54df6caf85cc35264c77ede902452d6df41166010262374155947460c",
                "sha256:792e5c12376594bfcb986ebf3855aa4b7c225754e9a9521298e460e92fb4a488",
                "sha256:7b7017b61bbcdd7f6363aeceb881e23c46583739cb69a3ab39cb384f6ec82e5b",
                "sha256:81f8d5c81e483a9442d72d182e1fb6dcb9723f289a57e8030811bac9ea3fef8d",
                "sha256:82aafa8d5eb68c8463b6e9baeb4f19043bb31fefc03eb7b216b51e6a9981ae09",
                "sha256:84c471a734240653a0ec91dec0996696eea227eafe72a33bd06c92697728046b",
                "sha256:8c803ac3c28bbc53763e6825746f05cc407b20e4a69d0122e526a582e3b5e153",
                "sha256:93ce9e955cc95959df98505e4608ad98281fff037350d8c2671c9aa86bcf10a9",
                "sha256:9a3e5ddc44c14042f0844b8cf7d2cd455f6cc80fd7f5eefbe657292cf601d9ad",
                "sha256:a4901622493f88b1a29bd30ec1a2f683782e57c3c16a2dbc7f2595ba01f639df",
                "sha256:a5a4532a12314149d8b4e4ad8ff09dde7427731fcfa5917ff16d0291f13609df",
                "sha256:b8831cb7332eda5dc89b21a7bce7ef6ad305548820595033a4b03cf3091235ed",
                "sha256:b8e2f83c56e141920c39464b852de3719dfbfb6e3c99a2d8da0edf4fb33176ed",
                "sha256:c70e94281588ef053ae8998039610dbd71bc509e4acbc77ab59d7d2937b10698",
                "sha256:c8a17b5d948f4ceeceb66384727dde11b240736fddeda54ca740b9b8b1556b29",
                "sha256:d82cdb63100ef5eedb8391732375e6d05993b765f72cb34311fab92103314649",
                "sha256:d89363f02658e253dbd171f7c3716a5d340a24ee82d38aab9183f7fdf0cdca49",
                "sha256:d99ec152570e4196772e7a8e4ba5320d2d27bf22fdf11743dd882936ed64305b",
                "sha256:ddc4d832a0f0b4c52fff973a0d44b6c99839a9d016fe4e6a1cb8f3eea96479c2",
                "sha256:e3dacecfbeec9a33e932f00c6cd7996e62f53ad46fbe677577394aaa90ee419a",
                "sha256:eb9fc393f3c61f9054e1ed26e6fe912c7321af2f41ff49d3f83d05bacf22cc78"
            ],
            "index": "pypi",
            "version": "==8.4.0"
        },
        "promise": {
            "hashes": [
                "sha256:dfd18337c523ba4b6a58801c164c1904a9d4d1b1747c7d5dbf45b693a49d93d0"
            ],
            "version": "==2.3"
        },
        "protobuf": {
            "hashes": [
                "sha256:038daf4fa38a7e818dd61f51f22588d61755160a98db087a046f80d66b855942",
                "sha256:28ccea56d4dc38d35cd70c43c2da2f40ac0be0a355ef882242e8586c6d66666f",
                "sha256:36d90676d6f426718463fe382ec6274909337ca6319d375eebd2044e6c6ac560",
                "sha256:3cd0458870ea7d1c58e948ac8078f6ba8a7ecc44a57e03032ed066c5bb318089",
                "sha256:5935c8ce02e3d89c7900140a8a42b35bc037ec07a6aeb61cc108be8d3c9438a6",
                "sha256:615b426a177780ce381ecd212edc1e0f70db8557ed72560b82096bd36b01bc04",
                "sha256:62a8e4baa9cb9e064eb62d1002eca820857ab2138440cb4b3ea4243830f94ca7",
                "sha256:655264ed0d0efe47a523e2255fc1106a22f6faab7cc46cfe99b5bae085c2a13e",
                "sha256:6e8ea9173403219239cdfd8d946ed101f2ab6ecc025b0fda0c6c713c35c9981d",
                "sha256:71b0250b0cfb738442d60cab68abc166de43411f2a4f791d31378590bfb71bd7",
                "sha256:74f33edeb4f3b7ed13d567881da8e5a92a72b36495d57d696c2ea1ae0cfee80c",
                "sha256:77d2fadcf369b3f22859ab25bd12bb8e98fb11e05d9ff9b7cd45b711c719c002",
                "sha256:8b30a7de128c46b5ecb343917d9fa737612a6e8280f440874e5cc2ba0d79b8f6",
                "sha256:8e51561d72efd5bd5c91490af1f13e32bcba8dab4643761eb7de3ce18e64a853",
                "sha256:a529e7df52204565bcd33738a7a5f288f3d2d37d86caa5d78c458fa5fabbd54d",
                "sha256:b691d996c6d0984947c4cf8b7ae2fe372d99b32821d0584f0b90277aa36982d3",
                "sha256:d80f80eb175bf5f1169139c2e0c5ada98b1c098e2b3c3736667f28cbbea39fc8",
                "sha256:d83e1ef8cb74009bebee3e61cc84b1c9cd04935b72bca0cbc83217d140424995",
                "sha256:d8919368410110633717c406ab5c97e8df5ce93020cfcf3012834f28b1fab1ea",
                "sha256:db3532d9f7a6ebbe2392041350437953b6d7a792de10e629c1e4f5a6b1fe1ac6",
                "sha256:e7b24c11df36ee8e0c085e5b0dc560289e4b58804746fb487287dda51410f1e2",
                "sha256:e7e8d2c20921f8da0dea277dfefc6abac05903ceac8e72839b2da519db69206b",
                "sha256:e813b1c9006b6399308e917ac5d298f345d95bb31f46f02b60cd92970a9afa17",
                "sha256:fd390367fc211cc0ffcf3a9e149dfeca78fecc62adb911371db0cec5c8b7472d"
            ],
            "markers": "python_version >= '3.5'",
            "version": "==3.19.1"
        },
        "psutil": {
            "hashes": [
                "sha256:0066a82f7b1b37d334e68697faba68e5ad5e858279fd6351c8ca6024e8d6ba64",
                "sha256:02b8292609b1f7fcb34173b25e48d0da8667bc85f81d7476584d889c6e0f2131",
                "sha256:0ae6f386d8d297177fd288be6e8d1afc05966878704dad9847719650e44fc49c",
                "sha256:0c9ccb99ab76025f2f0bbecf341d4656e9c1351db8cc8a03ccd62e318ab4b5c6",
                "sha256:0dd4465a039d343925cdc29023bb6960ccf4e74a65ad53e768403746a9207023",
                "sha256:12d844996d6c2b1d3881cfa6fa201fd635971869a9da945cf6756105af73d2df",
                "sha256:1bff0d07e76114ec24ee32e7f7f8d0c4b0514b3fae93e3d2aaafd65d22502394",
                "sha256:245b5509968ac0bd179287d91210cd3f37add77dad385ef238b275bad35fa1c4",
                "sha256:28ff7c95293ae74bf1ca1a79e8805fcde005c18a122ca983abf676ea3466362b",
                "sha256:36b3b6c9e2a34b7d7fbae330a85bf72c30b1c827a4366a07443fc4b6270449e2",
                "sha256:52de075468cd394ac98c66f9ca33b2f54ae1d9bff1ef6b67a212ee8f639ec06d",
                "sha256:5da29e394bdedd9144c7331192e20c1f79283fb03b06e6abd3a8ae45ffecee65",
                "sha256:61f05864b42fedc0771d6d8e49c35f07efd209ade09a5afe6a5059e7bb7bf83d",
                "sha256:6223d07a1ae93f86451d0198a0c361032c4c93ebd4bf6d25e2fb3edfad9571ef",
                "sha256:6323d5d845c2785efb20aded4726636546b26d3b577aded22492908f7c1bdda7",
                "sha256:6ffe81843131ee0ffa02c317186ed1e759a145267d54fdef1bc4ea5f5931ab60",
                "sha256:74f2d0be88db96ada78756cb3a3e1b107ce8ab79f65aa885f76d7664e56928f6",
                "sha256:74fb2557d1430fff18ff0d72613c5ca30c45cdbfcddd6a5773e9fc1fe9364be8",
                "sha256:90d4091c2d30ddd0a03e0b97e6a33a48628469b99585e2ad6bf21f17423b112b",
                "sha256:90f31c34d25b1b3ed6c40cdd34ff122b1887a825297c017e4cbd6796dd8b672d",
                "sha256:99de3e8739258b3c3e8669cb9757c9a861b2a25ad0955f8e53ac662d66de61ac",
                "sha256:c6a5fd10ce6b6344e616cf01cc5b849fa8103fbb5ba507b6b2dee4c11e84c935",
                "sha256:ce8b867423291cb65cfc6d9c4955ee9bfc1e21fe03bb50e177f2b957f1c2469d",
                "sha256:d225cd8319aa1d3c85bf195c4e07d17d3cd68636b8fc97e6cf198f782f99af28",
                "sha256:ea313bb02e5e25224e518e4352af4bf5e062755160f77e4b1767dd5ccb65f876",
                "sha256:ea372bcc129394485824ae3e3ddabe67dc0b118d262c568b4d2602a7070afdb0",
                "sha256:f4634b033faf0d968bb9220dd1c793b897ab7f1189956e1aa9eae752527127d3",
                "sha256:fcc01e900c1d7bee2a37e5d6e4f9194760a93597c97fee89c4ae51701de03563"
            ],
            "markers": "python_version >= '2.6' and python_version not in '3.0, 3.1, 3.2, 3.3'",
            "version": "==5.8.0"
        },
        "pyparsing": {
            "hashes": [
                "sha256:04ff808a5b90911829c55c4e26f75fa5ca8a2f5f36aa3a51f68e27033341d3e4",
                "sha256:d9bdec0013ef1eb5a84ab39a3b3868911598afa494f5faa038647101504e2b81"
            ],
            "markers": "python_version >= '3.6'",
            "version": "==3.0.6"
        },
        "python-dateutil": {
            "hashes": [
                "sha256:0123cacc1627ae19ddf3c27a5de5bd67ee4586fbdd6440d9748f8abb483d3e86",
                "sha256:961d03dc3453ebbc59dbdea9e4e11c5651520a876d0f4db161e8674aae935da9"
            ],
            "markers": "python_version >= '2.7' and python_version not in '3.0, 3.1, 3.2, 3.3'",
            "version": "==2.8.2"
        },
        "pyyaml": {
            "hashes": [
                "sha256:0283c35a6a9fbf047493e3a0ce8d79ef5030852c51e9d911a27badfde0605293",
                "sha256:055d937d65826939cb044fc8c9b08889e8c743fdc6a32b33e2390f66013e449b",
                "sha256:07751360502caac1c067a8132d150cf3d61339af5691fe9e87803040dbc5db57",
                "sha256:0b4624f379dab24d3725ffde76559cff63d9ec94e1736b556dacdfebe5ab6d4b",
                "sha256:0ce82d761c532fe4ec3f87fc45688bdd3a4c1dc5e0b4a19814b9009a29baefd4",
                "sha256:1e4747bc279b4f613a09eb64bba2ba602d8a6664c6ce6396a4d0cd413a50ce07",
                "sha256:213c60cd50106436cc818accf5baa1aba61c0189ff610f64f4a3e8c6726218ba",
                "sha256:231710d57adfd809ef5d34183b8ed1eeae3f76459c18fb4a0b373ad56bedcdd9",
                "sha256:277a0ef2981ca40581a47093e9e2d13b3f1fbbeffae064c1d21bfceba2030287",
                "sha256:2cd5df3de48857ed0544b34e2d40e9fac445930039f3cfe4bcc592a1f836d513",
                "sha256:40527857252b61eacd1d9af500c3337ba8deb8fc298940291486c465c8b46ec0",
                "sha256:473f9edb243cb1935ab5a084eb238d842fb8f404ed2193a915d1784b5a6b5fc0",
                "sha256:48c346915c114f5fdb3ead70312bd042a953a8ce5c7106d5bfb1a5254e47da92",
                "sha256:50602afada6d6cbfad699b0c7bb50d5ccffa7e46a3d738092afddc1f9758427f",
                "sha256:68fb519c14306fec9720a2a5b45bc9f0c8d1b9c72adf45c37baedfcd949c35a2",
                "sha256:77f396e6ef4c73fdc33a9157446466f1cff553d979bd00ecb64385760c6babdc",
                "sha256:819b3830a1543db06c4d4b865e70ded25be52a2e0631ccd2f6a47a2822f2fd7c",
                "sha256:897b80890765f037df3403d22bab41627ca8811ae55e9a722fd0392850ec4d86",
                "sha256:98c4d36e99714e55cfbaaee6dd5badbc9a1ec339ebfc3b1f52e293aee6bb71a4",
                "sha256:9df7ed3b3d2e0ecfe09e14741b857df43adb5a3ddadc919a2d94fbdf78fea53c",
                "sha256:9fa600030013c4de8165339db93d182b9431076eb98eb40ee068700c9c813e34",
                "sha256:a80a78046a72361de73f8f395f1f1e49f956c6be882eed58505a15f3e430962b",
                "sha256:b3d267842bf12586ba6c734f89d1f5b871df0273157918b0ccefa29deb05c21c",
                "sha256:b5b9eccad747aabaaffbc6064800670f0c297e52c12754eb1d976c57e4f74dcb",
                "sha256:c5687b8d43cf58545ade1fe3e055f70eac7a5a1a0bf42824308d868289a95737",
                "sha256:cba8c411ef271aa037d7357a2bc8f9ee8b58b9965831d9e51baf703280dc73d3",
                "sha256:d15a181d1ecd0d4270dc32edb46f7cb7733c7c508857278d3d378d14d606db2d",
                "sha256:d4db7c7aef085872ef65a8fd7d6d09a14ae91f691dec3e87ee5ee0539d516f53",
                "sha256:d4eccecf9adf6fbcc6861a38015c2a64f38b9d94838ac1810a9023a0609e1b78",
                "sha256:d67d839ede4ed1b28a4e8909735fc992a923cdb84e618544973d7dfc71540803",
                "sha256:daf496c58a8c52083df09b80c860005194014c3698698d1a57cbcfa182142a3a",
                "sha256:e61ceaab6f49fb8bdfaa0f92c4b57bcfbea54c09277b1b4f7ac376bfb7a7c174",
                "sha256:f84fbc98b019fef2ee9a1cb3ce93e3187a6df0b2538a651bfb890254ba9f90b5"
            ],
            "markers": "python_version >= '3.6'",
            "version": "==6.0"
        },
        "regex": {
            "hashes": [
                "sha256:05b7d6d7e64efe309972adab77fc2af8907bb93217ec60aa9fe12a0dad35874f",
                "sha256:0617383e2fe465732af4509e61648b77cbe3aee68b6ac8c0b6fe934db90be5cc",
                "sha256:07856afef5ffcc052e7eccf3213317fbb94e4a5cd8177a2caa69c980657b3cb4",
                "sha256:162abfd74e88001d20cb73ceaffbfe601469923e875caf9118333b1a4aaafdc4",
                "sha256:2207ae4f64ad3af399e2d30dde66f0b36ae5c3129b52885f1bffc2f05ec505c8",
                "sha256:30ab804ea73972049b7a2a5c62d97687d69b5a60a67adca07eb73a0ddbc9e29f",
                "sha256:3b5df18db1fccd66de15aa59c41e4f853b5df7550723d26aa6cb7f40e5d9da5a",
                "sha256:3c5fb32cc6077abad3bbf0323067636d93307c9fa93e072771cf9a64d1c0f3ef",
                "sha256:416c5f1a188c91e3eb41e9c8787288e707f7d2ebe66e0a6563af280d9b68478f",
                "sha256:432bd15d40ed835a51617521d60d0125867f7b88acf653e4ed994a1f8e4995dc",
                "sha256:4aaa4e0705ef2b73dd8e36eeb4c868f80f8393f5f4d855e94025ce7ad8525f50",
                "sha256:537ca6a3586931b16a85ac38c08cc48f10fc870a5b25e51794c74df843e9966d",
                "sha256:53db2c6be8a2710b359bfd3d3aa17ba38f8aa72a82309a12ae99d3c0c3dcd74d",
                "sha256:5537f71b6d646f7f5f340562ec4c77b6e1c915f8baae822ea0b7e46c1f09b733",
                "sha256:6650f16365f1924d6014d2ea770bde8555b4a39dc9576abb95e3cd1ff0263b36",
                "sha256:666abff54e474d28ff42756d94544cdfd42e2ee97065857413b72e8a2d6a6345",
                "sha256:68a067c11463de2a37157930d8b153005085e42bcb7ad9ca562d77ba7d1404e0",
                "sha256:780b48456a0f0ba4d390e8b5f7c661fdd218934388cde1a974010a965e200e12",
                "sha256:788aef3549f1924d5c38263104dae7395bf020a42776d5ec5ea2b0d3d85d6646",
                "sha256:7ee1227cf08b6716c85504aebc49ac827eb88fcc6e51564f010f11a406c0a667",
                "sha256:7f301b11b9d214f83ddaf689181051e7f48905568b0c7017c04c06dfd065e244",
                "sha256:83ee89483672b11f8952b158640d0c0ff02dc43d9cb1b70c1564b49abe92ce29",
                "sha256:85bfa6a5413be0ee6c5c4a663668a2cad2cbecdee367630d097d7823041bdeec",
                "sha256:9345b6f7ee578bad8e475129ed40123d265464c4cfead6c261fd60fc9de00bcf",
                "sha256:93a5051fcf5fad72de73b96f07d30bc29665697fb8ecdfbc474f3452c78adcf4",
                "sha256:962b9a917dd7ceacbe5cd424556914cb0d636001e393b43dc886ba31d2a1e449",
                "sha256:98ba568e8ae26beb726aeea2273053c717641933836568c2a0278a84987b2a1a",
                "sha256:a3feefd5e95871872673b08636f96b61ebef62971eab044f5124fb4dea39919d",
                "sha256:b43c2b8a330a490daaef5a47ab114935002b13b3f9dc5da56d5322ff218eeadb",
                "sha256:b483c9d00a565633c87abd0aaf27eb5016de23fed952e054ecc19ce32f6a9e7e",
                "sha256:ba05430e819e58544e840a68b03b28b6d328aff2e41579037e8bab7653b37d83",
                "sha256:ca5f18a75e1256ce07494e245cdb146f5a9267d3c702ebf9b65c7f8bd843431e",
                "sha256:d5ca078bb666c4a9d1287a379fe617a6dccd18c3e8a7e6c7e1eb8974330c626a",
                "sha256:da1a90c1ddb7531b1d5ff1e171b4ee61f6345119be7351104b67ff413843fe94",
                "sha256:dba70f30fd81f8ce6d32ddeef37d91c8948e5d5a4c63242d16a2b2df8143aafc",
                "sha256:dd33eb9bdcfbabab3459c9ee651d94c842bc8a05fabc95edf4ee0c15a072495e",
                "sha256:e0538c43565ee6e703d3a7c3bdfe4037a5209250e8502c98f20fea6f5fdf2965",
                "sha256:e1f54b9b4b6c53369f40028d2dd07a8c374583417ee6ec0ea304e710a20f80a0",
                "sha256:e32d2a2b02ccbef10145df9135751abea1f9f076e67a4e261b05f24b94219e36",
                "sha256:e71255ba42567d34a13c03968736c5d39bb4a97ce98188fafb27ce981115beec",
                "sha256:ed2e07c6a26ed4bea91b897ee2b0835c21716d9a469a96c3e878dc5f8c55bb23",
                "sha256:eef2afb0fd1747f33f1ee3e209bce1ed582d1896b240ccc5e2697e3275f037c7",
                "sha256:f23222527b307970e383433daec128d769ff778d9b29343fb3496472dc20dabe",
                "sha256:f341ee2df0999bfdf7a95e448075effe0db212a59387de1a70690e4acb03d4c6",
                "sha256:f7f325be2804246a75a4f45c72d4ce80d2443ab815063cdf70ee8fb2ca59ee1b",
                "sha256:f8af619e3be812a2059b212064ea7a640aff0568d972cd1b9e920837469eb3cb",
                "sha256:fa8c626d6441e2d04b6ee703ef2d1e17608ad44c7cb75258c09dd42bacdfc64b",
                "sha256:fbb9dc00e39f3e6c0ef48edee202f9520dafb233e8b51b06b8428cfcb92abd30",
                "sha256:fff55f3ce50a3ff63ec8e2a8d3dd924f1941b250b0aac3d3d42b687eeff07a8e"
            ],
            "version": "==2021.11.10"
        },
        "requests": {
            "hashes": [
                "sha256:6c1246513ecd5ecd4528a0906f910e8f0f9c6b8ec72030dc9fd154dc1a6efd24",
                "sha256:b8aa58f8cf793ffd8782d3d8cb19e66ef36f7aba4353eec859e74678b01b07a7"
            ],
            "markers": "python_version >= '2.7' and python_version not in '3.0, 3.1, 3.2, 3.3, 3.4, 3.5'",
            "version": "==2.26.0"
        },
        "sacremoses": {
            "hashes": [
                "sha256:4b1fe8813915c7a2647728a46ebbf0d1a65eabb7ca05ba10efeb0548547eea38",
                "sha256:f95f80d09d3501fed5c1d3056d9212b40599b08cb27f185d38ff0063be8ddd09"
            ],
            "version": "==0.0.46"
        },
        "scikit-learn": {
            "hashes": [
                "sha256:02aee3b257617da0ec98dee9572b10523dc00c25b68c195ddf100c1a93b1854b",
                "sha256:059c5be0c0365321ddbcac7abf0db806fad8ecb64ee6c7cbcd58313c7d61634d",
                "sha256:116e05fd990d9b363fc29bd3699ec2117d7da9088f6ca9a90173b240c5a063f1",
                "sha256:11a57405c1c3514227d0c6a0bee561c94cd1284b41e236f7a1d76b3975f77593",
                "sha256:32d941f12fd7e245f01da2b82943c5ce6f1133fa5375eb80caa51457532b3e7e",
                "sha256:46248cc6a8b72490f723c73ff2e65e62633d14cafe9d2df3a7b3f87d332a6f7e",
                "sha256:515b227f01f569145dc9f86e56f4cea9f00a613fc4d074bbfc0a92ca00bff467",
                "sha256:538f3a85c4980c7572f3e754f0ba8489363976ef3e7f6a94e8f1af5ae45f6f6a",
                "sha256:53bb7c605427ab187869d7a05cd3f524a3015a90e351c1788fc3a662e7f92b69",
                "sha256:59b1d6df8724003fa16b7365a3b43449ee152aa6e488dd7a19f933640bb2d7fb",
                "sha256:62ce4e3ddb6e6e9dcdb3e5ac7f0575dbaf56f79ce2b2edee55192b12b52df5be",
                "sha256:648f4dbfdd0a1b45bf6e2e4afe3f431774c55dee05e2d28f8394d6648296f373",
                "sha256:944f47b2d881b9d24aee40d643bfdc4bd2b6dc3d25b62964411c6d8882f940a1",
                "sha256:a51fdbc116974d9715957366df73e5ec6f0a7a2afa017864c2e5f5834e6f494d",
                "sha256:a800665527c1a63f7395a0baae3c89b0d97b54d2c23769c1c9879061bb80bc19",
                "sha256:ac2ca9dbb754d61cfe1c83ba8483498ef951d29b93ec09d6f002847f210a99da",
                "sha256:bd78a2442c948536f677e2744917c37cff014559648102038822c23863741c27",
                "sha256:c604a813df8e7d6dfca3ae0db0a8fd7e5dff4ea9d94081ab263c81bf0b61ab4b",
                "sha256:c6b9510fd2e1642314efb7aa951a0d05d963f3523e01c30b2dadde2395ebe6b4",
                "sha256:ebbe4275556d3c02707bd93ae8b96d9651acd4165126e0ae64b336afa2a6dcb1",
                "sha256:ee59da47e18b703f6de17d5d51b16ce086c50969d5a83db5217f0ae9372de232",
                "sha256:fb7214103f6c36c1371dd8c166897e3528264a28f2e2e42573ba8c61ed4d7142",
                "sha256:fc60e0371e521995a6af2ef3f5d911568506124c272889b318b8b6e497251231",
                "sha256:fc75f81571137b39f9b31766e15a0e525331637e7fe8f8000a3fbfba7da3add9",
                "sha256:fecb5102f0a36c16c1361ec519a7bb0260776ef40e17393a81f530569c916a7b"
            ],
            "index": "pypi",
            "version": "==1.0.1"
        },
        "scipy": {
            "hashes": [
                "sha256:1437073f1d4664990879aa8f9547524764372e0fef84a077be4b19e82bba7a8d",
                "sha256:17fd991a275e4283453f89d404209aa92059ac68d76d804b4bc1716a3742e1b5",
                "sha256:1ea6233f5a365cb7945b4304bd06323ece3ece85d6a3fa8598d2f53e513467c9",
                "sha256:2d25272c03ee3c0fe5e0dff1bb7889280bb6c9e1766fa9c7bde81ad8a5f78694",
                "sha256:30bdda199667e74b50208a793eb1ba47a04e5e3fa16f5ff06c6f7969ae78e4da",
                "sha256:359b60a0cccd17723b9d5e329a5212a710e771a3ddde800e472fb93732756c46",
                "sha256:39f838ea5ce8da868785193d88d05cf5a6d5c390804ec99de29a28e1dcdd53e6",
                "sha256:4d175ba93e00d8eef8f7cd70d4d88a9106a86800c82ea03cf2268c36d6545483",
                "sha256:5273d832fb9cd5724ee0d335c16a903b923441107dd973d27fc4293075a9f4e3",
                "sha256:54951f51d731c832b1b8885e0a92e89f33d087de7e40d02078bf0d49c7cbdbb5",
                "sha256:74f518ce542533054695f743e4271cb8986b63f95bb51d70fcee4f3929cbff7d",
                "sha256:7b1d0f5f524518f1a86f288443528e4ff4a739c0966db663af4129b7ac7849f8",
                "sha256:82c5befebf54d799d77e5f0205c03030f57f69ba2541baa44d2e6ad138c28cd3",
                "sha256:8482c8e45857ab0a5446eb7460d2307a27cbbe659d6d2257820c6d6eb950fd0f",
                "sha256:87cf3964db0f1cce17aeed5bfc1b89a6b4b07dbfc48e50d21fa3549e00456803",
                "sha256:8b5726a0fedeaa6beb1095e4466998bdd1d1e960b28db9b5a16c89cbd7b2ebf1",
                "sha256:97eb573e361a73a553b915dc195c6f72a08249964b1a33f157f9659f3b6210d1",
                "sha256:a80eb01c43fd98257ec7a49ff5cec0edba32031b5f86503f55399a48cb2c5379",
                "sha256:cac71d5476a6f56b50459da21f6221707e0051ebd428b2137db32ef4a43bb15e",
                "sha256:d86abd1ddf421dea5e9cebfeb4de0d205b3dc04e78249afedba9c6c3b2227ff2",
                "sha256:dc2d1bf41294e63c7302bf499973ac0c7f73c93c01763db43055f6525234bf11",
                "sha256:e08b81fcd9bf98740b58dc6fdd7879e33a64dcb682201c1135f7d4a75216bb05",
                "sha256:e3efe7ef75dfe627b354ab0af0dbc918eadee97cc80ff1aabea6d3e01114ebdd",
                "sha256:fa2dbabaaecdb502641b0b3c00dec05fb475ae48655c66da16c9ed24eda1e711"
            ],
            "markers": "python_version < '3.11' and python_version >= '3.7'",
            "version": "==1.7.2"
        },
        "sentry-sdk": {
            "hashes": [
                "sha256:0db297ab32e095705c20f742c3a5dac62fe15c4318681884053d0898e5abb2f6",
                "sha256:789a11a87ca02491896e121efdd64e8fd93327b69e8f2f7d42f03e2569648e88"
            ],
            "version": "==1.5.0"
        },
        "shortuuid": {
            "hashes": [
                "sha256:44a7a86bcf24dbaba2e626cf80c779926b7c3a0d31a3a013e0d3cd1077707d23",
                "sha256:9435e87e5a64f3b92f7110c81f989a3b7bdb9358e22d2359829167da476cfc23"
            ],
            "markers": "python_version >= '3.5'",
            "version": "==1.0.8"
        },
        "six": {
            "hashes": [
                "sha256:1e61c37477a1626458e36f7b1d82aa5c9b094fa4802892072e49de9c60c4c926",
                "sha256:8abb2f1d86890a2dfb989f9a77cfcfd3e47c2a354b01111771326f8aa26e0254"
            ],
            "markers": "python_version >= '2.7' and python_version not in '3.0, 3.1, 3.2, 3.3'",
            "version": "==1.16.0"
        },
        "smmap": {
            "hashes": [
                "sha256:2aba19d6a040e78d8b09de5c57e96207b09ed71d8e55ce0959eeee6c8e190d94",
                "sha256:c840e62059cd3be204b0c9c9f74be2c09d5648eddd4580d9314c3ecde0b30936"
            ],
            "markers": "python_version >= '3.6'",
            "version": "==5.0.0"
        },
        "subprocess32": {
            "hashes": [
                "sha256:88e37c1aac5388df41cc8a8456bb49ebffd321a3ad4d70358e3518176de3a56b",
                "sha256:e45d985aef903c5b7444d34350b05da91a9e0ea015415ab45a21212786c649d0",
                "sha256:eb2937c80497978d181efa1b839ec2d9622cf9600a039a79d0e108d1f9aec79d"
            ],
            "markers": "python_version >= '2.6' and python_version not in '3.0, 3.1, 3.2, 3.3' and python_full_version < '4.0.0'",
            "version": "==3.5.4"
        },
        "termcolor": {
            "hashes": [
                "sha256:1d6d69ce66211143803fbc56652b41d73b4a400a2891d7bf7a1cdf4c02de613b"
            ],
            "version": "==1.1.0"
        },
        "threadpoolctl": {
            "hashes": [
                "sha256:4fade5b3b48ae4b1c30f200b28f39180371104fccc642e039e0f2435ec8cc211",
                "sha256:d03115321233d0be715f0d3a5ad1d6c065fe425ddc2d671ca8e45e9fd5d7a52a"
            ],
            "markers": "python_version >= '3.6'",
            "version": "==3.0.0"
        },
        "tokenizers": {
            "hashes": [
                "sha256:18c495e700f4588b9a00e58b4c41dc459c36daaa7c39a27faf880eb8f5533ce1",
                "sha256:1a5d3b596c6d3a237e1ad7f46c472d467b0246be7fd1a364f12576eb8db8f7e6",
                "sha256:1d8867db210d75d97312360ae23b92aeb6a6b5bc65e15c1cd9d204b3fa3fc262",
                "sha256:2a9ee3ee574d4aa740e099b0ad6ef8e63f52f48cde359bb31801146a5aa614dc",
                "sha256:2f8c5fefef0d0a03be613547e613fbda06b9e6ee0891236649524964c3e54d80",
                "sha256:4ab688daf4692a6c31dfe42f1f3a4a8c22050705eb69d58d3efde9d55f434586",
                "sha256:4cc194104c8e427ffc4f54c7866488b42f2b1f6351a6cad0d045ca5ab8108e42",
                "sha256:6b84673997990b3c260ae2f7c57fdf1f835e316820eff14aca46dc68be3c0c74",
                "sha256:7b11b373705d082d43657c08883b79b5330f1952f0668d17488b6b889c4d7feb",
                "sha256:91a8c045980594c7c437a52c3da5276eb3c530a662b4ef628ff32d81fb22b543",
                "sha256:a7ce051aafc53c564c9edbc09df300c2bd4f6ce87460fc22a276fed405d1892a",
                "sha256:a7ce0c2f27f7c92aa3f895231de90319acdf960ce2e42ba591edc651fda7d3c9",
                "sha256:ad700fd9da518884fd58bf89f0b6dfeecef9b4e2d2db8765ef259f66d6c14980",
                "sha256:ae7e40d9c8a77c5a4109731ac3e21633b0c609c56a8b58be6b863da61fa54636",
                "sha256:c26dbc3b2a3d71d3d40c50975ec62145932f05aea73f03ea35c48ebd3a717611",
                "sha256:e9d147e545cdfeca560646c7a703bf287afe45645da426506ccd5eb78aab5ef5",
                "sha256:edd8cb85c16b4b65e87ea5ef9d400be9fdd53c4152adbaca8817e16dd3aa480b"
            ],
            "version": "==0.10.3"
        },
        "torch": {
            "hashes": [
                "sha256:034df0b20603bfc81325094586647302891b9b20be7e36f152c7dd6af00deac1",
                "sha256:13e1ffab502aa32d6841a018771b47028d02dbbc685c5b79cfd61db5464dae4e",
                "sha256:3c0a942e0df104c80b0eedc30d2a19cdc3d28601bc6e280bf24b2e6255016d3b",
                "sha256:4499055547087d7ef7e8a754f09c2c4f1470297ae3e5490363dba66c75501b21",
                "sha256:56022b0ce94c54e95a2f63fc5a1494feb1fc3d5c7a9b35a62944651d03edef05",
                "sha256:67fc509e207b8e7330f2e76e77800950317d31d035a4d19593db991962afead4",
                "sha256:9013002adcb42bac05dcdbf0a03dd9f6bb5d7ab8b9817041c1176a014870786b",
                "sha256:ab0cf330714c8f79a837c04784a7a5658b014cf5a4ca527e7b710155ae519cdf",
                "sha256:aef7afb62e9b174b4e0e5e1e4a42e3bab3b8490a668d666f62f7d4517559fbf2",
                "sha256:b812e8d40d7037748da40bb695bd849e7b2e7faad4cd06df53d2cc4531926fda",
                "sha256:ca2c88fa4376e2648785029ab108e6e7abd784eb6535fc6036004b9254f9f7c1",
                "sha256:d6185827b285780653cdd81d77a09fdca76a5b190d5986d552be2a5c442cfaa4",
                "sha256:d6ef87470b44df9970e84542547d5ba7720bb89616602441df555a39b124e2bc",
                "sha256:d82e68302c9b5c76ed585e04d61be0ca2184f70cb8ffeba8610570609ad5d7c9",
                "sha256:e01ba5946267014abfdb30248bcdbd457aaa20cff749febe7fc191e5ae096af4",
                "sha256:e5822200bf80a1495ad98a2bb41803eeba4a85ce373e35fc65765f7f888f5374",
                "sha256:eea16c01af1980ba709c00e8d5e6c09bedb5b30f9fa2085f6a52a78d7dc4e125",
                "sha256:eea675ec01ec4b4a0655fd2984f166a5ca3b933dae6ad4eb4e52eba7026dc176"
            ],
            "index": "pypi",
            "version": "==1.10.0"
        },
        "tqdm": {
            "hashes": [
                "sha256:8dd278a422499cd6b727e6ae4061c40b48fce8b76d1ccbf5d34fca9b7f925b0c",
                "sha256:d359de7217506c9851b7869f3708d8ee53ed70a1b8edbba4dbcb47442592920d"
            ],
            "index": "pypi",
            "version": "==4.62.3"
        },
        "transformers": {
            "hashes": [
                "sha256:421e63eecd4dc1f2087f6e96d324fdeff938c8dfc9e0ac6ddceef8f2e764b982",
                "sha256:7d948488faf88fbcc8dd2b287eaa377d140dc38168e0d887d7ef37dceed6a941"
            ],
            "index": "pypi",
            "version": "==4.12.5"
        },
        "typing-extensions": {
            "hashes": [
                "sha256:2cdf80e4e04866a9b3689a51869016d36db0814d84b8d8a568d22781d45d27ed",
                "sha256:829704698b22e13ec9eaf959122315eabb370b0884400e9818334d8b677023d9"
            ],
            "markers": "python_version >= '3.6'",
            "version": "==4.0.0"
        },
        "urllib3": {
            "hashes": [
                "sha256:4987c65554f7a2dbf30c18fd48778ef124af6fab771a377103da0585e2336ece",
                "sha256:c4fdf4019605b6e5423637e01bc9fe4daef873709a7973e195ceba0a62bbc844"
            ],
            "markers": "python_version >= '2.7' and python_version not in '3.0, 3.1, 3.2, 3.3, 3.4' and python_full_version < '4.0.0'",
            "version": "==1.26.7"
        },
        "wandb": {
            "hashes": [
                "sha256:a486a697d18ca82e1cde64aa60997a9a37c71af3c6946240bda81a4d61f2bcf4",
                "sha256:ad946efc269b25a36b500a831b6bf9ae26b4a695add55e4a53f5b7220e03b177"
            ],
            "index": "pypi",
            "version": "==0.12.6"
        },
        "yaspin": {
            "hashes": [
                "sha256:c8d34eca9fda3f4dfbe59f57f3cf0f3641af3eefbf1544fbeb9b3bacf82c580a",
                "sha256:d574cbfaf0a349df466c91f7f81b22460ae5ebb15ecb8bf9411d6049923aee8d"
            ],
            "markers": "python_full_version >= '3.6.2' and python_full_version < '4.0.0'",
            "version": "==2.1.0"
        }
    },
    "develop": {}
}
